
Microsoft Visual Studio Solution File, Format Version 12.00
# Visual Studio Version 17
VisualStudioVersion = 17.2.32630.192
MinimumVisualStudioVersion = 10.0.40219.1
Project("{2150E333-8FDC-42A3-9474-1A3956D46DE8}") = "src", "src", "{084E5DC9-A46B-4C74-9FD6-674D1ADDF7C2}"
EndProject
Project("{9A19103F-16F7-4668-BE54-9A1E7A4F7556}") = "RMSRestApiWebHook", "RMSRestApiWebHook\RMSRestApiWebHook.csproj", "{38BD5D3B-85D7-45F1-8BDA-D32FC5E310D6}"
EndProject
Project("{2150E333-8FDC-42A3-9474-1A3956D46DE8}") = "test", "test", "{79690D2A-42D1-4ADF-8650-7A1BC286B5AD}"
EndProject
Project("{FAE04EC0-301F-11D3-BF4B-00C04F79EFBC}") = "UnitTest", "UnitTest\UnitTest.csproj", "{E3AC2723-DAFC-4378-B268-961B6B0B95D0}"
EndProject
Global
	GlobalSection(SolutionConfigurationPlatforms) = preSolution
		Debug|Any CPU = Debug|Any CPU
		Release|Any CPU = Release|Any CPU
	EndGlobalSection
	GlobalSection(ProjectConfigurationPlatforms) = postSolution
		{38BD5D3B-85D7-45F1-8BDA-D32FC5E310D6}.Debug|Any CPU.ActiveCfg = Debug|Any CPU
		{38BD5D3B-85D7-45F1-8BDA-D32FC5E310D6}.Debug|Any CPU.Build.0 = Debug|Any CPU
		{38BD5D3B-85D7-45F1-8BDA-D32FC5E310D6}.Release|Any CPU.ActiveCfg = Release|Any CPU
		{38BD5D3B-85D7-45F1-8BDA-D32FC5E310D6}.Release|Any CPU.Build.0 = Release|Any CPU
		{E3AC2723-DAFC-4378-B268-961B6B0B95D0}.Debug|Any CPU.ActiveCfg = Debug|Any CPU
		{E3AC2723-DAFC-4378-B268-961B6B0B95D0}.Debug|Any CPU.Build.0 = Debug|Any CPU
		{E3AC2723-DAFC-4378-B268-961B6B0B95D0}.Release|Any CPU.ActiveCfg = Release|Any CPU
		{E3AC2723-DAFC-4378-B268-961B6B0B95D0}.Release|Any CPU.Build.0 = Release|Any CPU
	EndGlobalSection
	GlobalSection(SolutionProperties) = preSolution
		HideSolutionNode = FALSE
	EndGlobalSection
	GlobalSection(NestedProjects) = preSolution
		{38BD5D3B-85D7-45F1-8BDA-D32FC5E310D6} = {084E5DC9-A46B-4C74-9FD6-674D1ADDF7C2}
		{E3AC2723-DAFC-4378-B268-961B6B0B95D0} = {79690D2A-42D1-4ADF-8650-7A1BC286B5AD}
	EndGlobalSection
	GlobalSection(ExtensibilityGlobals) = postSolution
		SolutionGuid = {FE5A4DA3-B627-483A-A294-406CE5C70DF2}
	EndGlobalSection
EndGlobal
